// !$*UTF8*$!
{
	archiveVersion = 1;
	classes = {
	};
	objectVersion = 46;
	objects = {

/* Begin PBXBuildFile section */
		5B97E6A21F16AB00002CFBFE /* AppDelegate.swift in Sources */ = {isa = PBXBuildFile; fileRef = 5B97E6A11F16AB00002CFBFE /* AppDelegate.swift */; };
		5B97E6A41F16AB00002CFBFE /* ViewController.swift in Sources */ = {isa = PBXBuildFile; fileRef = 5B97E6A31F16AB00002CFBFE /* ViewController.swift */; };
		5B97E6A71F16AB00002CFBFE /* Main.storyboard in Resources */ = {isa = PBXBuildFile; fileRef = 5B97E6A51F16AB00002CFBFE /* Main.storyboard */; };
		5B97E6A91F16AB00002CFBFE /* Assets.xcassets in Resources */ = {isa = PBXBuildFile; fileRef = 5B97E6A81F16AB00002CFBFE /* Assets.xcassets */; };
		5B97E6AC1F16AB00002CFBFE /* LaunchScreen.storyboard in Resources */ = {isa = PBXBuildFile; fileRef = 5B97E6AA1F16AB00002CFBFE /* LaunchScreen.storyboard */; };
/* End PBXBuildFile section */

/* Begin PBXFileReference section */
		5B97E69E1F16AB00002CFBFE /* AppIconSwitch.app */ = {isa = PBXFileReference; explicitFileType = wrapper.application; includeInIndex = 0; path = AppIconSwitch.app; sourceTree = BUILT_PRODUCTS_DIR; };
		5B97E6A11F16AB00002CFBFE /* AppDelegate.swift */ = {isa = PBXFileReference; lastKnownFileType = sourcecode.swift; path = AppDelegate.swift; sourceTree = "<group>"; };
		5B97E6A31F16AB00002CFBFE /* ViewController.swift */ = {isa = PBXFileReference; lastKnownFileType = sourcecode.swift; path = ViewController.swift; sourceTree = "<group>"; };
		5B97E6A61F16AB00002CFBFE /* Base */ = {isa = PBXFileReference; lastKnownFileType = file.storyboard; name = Base; path = Base.lproj/Main.storyboard; sourceTree = "<group>"; };
		5B97E6A81F16AB00002CFBFE /* Assets.xcassets */ = {isa = PBXFileReference; lastKnownFileType = folder.assetcatalog; path = Assets.xcassets; sourceTree = "<group>"; };
		5B97E6AB1F16AB00002CFBFE /* Base */ = {isa = PBXFileReference; lastKnownFileType = file.storyboard; name = Base; path = Base.lproj/LaunchScreen.storyboard; sourceTree = "<group>"; };
		5B97E6AD1F16AB00002CFBFE /* Info.plist */ = {isa = PBXFileReference; lastKnownFileType = text.plist.xml; path = Info.plist; sourceTree = "<group>"; };
/* End PBXFileReference section */

/* Begin PBXFrameworksBuildPhase section */
		5B97E69B1F16AB00002CFBFE /* Frameworks */ = {
			isa = PBXFrameworksBuildPhase;
			buildActionMask = 2147483647;
			files = (
			);
			runOnlyForDeploymentPostprocessing = 0;
		};
/* End PBXFrameworksBuildPhase section */

/* Begin PBXGroup section */
		5B97E6951F16AB00002CFBFE = {
			isa = PBXGroup;
			children = (
				5B97E6A01F16AB00002CFBFE /* AppIconSwitch */,
				5B97E69F1F16AB00002CFBFE /* Products */,
			);
			sourceTree = "<group>";
		};
		5B97E69F1F16AB00002CFBFE /* Products */ = {
			isa = PBXGroup;
			children = (
				5B97E69E1F16AB00002CFBFE /* AppIconSwitch.app */,
			);
			name = Products;
			sourceTree = "<group>";
		};
		5B97E6A01F16AB00002CFBFE /* AppIconSwitch */ = {
			isa = PBXGroup;
			children = (
				5B97E6A11F16AB00002CFBFE /* AppDelegate.swift */,
				5B97E6A31F16AB00002CFBFE /* ViewController.swift */,
				5B97E6A51F16AB00002CFBFE /* Main.storyboard */,
				5B97E6A81F16AB00002CFBFE /* Assets.xcassets */,
				5B97E6AA1F16AB00002CFBFE /* LaunchScreen.storyboard */,
				5B97E6AD1F16AB00002CFBFE /* Info.plist */,
			);
			path = AppIconSwitch;
			sourceTree = "<group>";
		};
/* End PBXGroup section */

/* Begin PBXNativeTarget section */
		5B97E69D1F16AB00002CFBFE /* AppIconSwitch */ = {
			isa = PBXNativeTarget;
			buildConfigurationList = 5B97E6B01F16AB00002CFBFE /* Build configuration list for PBXNativeTarget "AppIconSwitch" */;
			buildPhases = (
				5B97E69A1F16AB00002CFBFE /* Sources */,
				5B97E69B1F16AB00002CFBFE /* Frameworks */,
				5B97E69C1F16AB00002CFBFE /* Resources */,
			);
			buildRules = (
			);
			dependencies = (
			);
			name = AppIconSwitch;
			productName = AppIconSwitch;
			productReference = 5B97E69E1F16AB00002CFBFE /* AppIconSwitch.app */;
			productType = "com.apple.product-type.application";
		};
/* End PBXNativeTarget section */

/* Begin PBXProject section */
		5B97E6961F16AB00002CFBFE /* Project object */ = {
			isa = PBXProject;
			attributes = {
				LastSwiftUpdateCheck = 0830;
				LastUpgradeCheck = 0830;
				ORGANIZATIONNAME = "Steven Smith";
				TargetAttributes = {
					5B97E69D1F16AB00002CFBFE = {
						CreatedOnToolsVersion = 8.3.2;
						DevelopmentTeam = 4ZRZL4M7J7;
						ProvisioningStyle = Automatic;
					};
				};
			};
			buildConfigurationList = 5B97E6991F16AB00002CFBFE /* Build configuration list for PBXProject "AppIconSwitch" */;
			compatibilityVersion = "Xcode 3.2";
			developmentRegion = English;
			hasScannedForEncodings = 0;
			knownRegions = (
				en,
				Base,
			);
			mainGroup = 5B97E6951F16AB00002CFBFE;
			productRefGroup = 5B97E69F1F16AB00002CFBFE /* Products */;
			projectDirPath = "";
			projectRoot = "";
			targets = (
				5B97E69D1F16AB00002CFBFE /* AppIconSwitch */,
			);
		};
/* End PBXProject section */

/* Begin PBXResourcesBuildPhase section */
		5B97E69C1F16AB00002CFBFE /* Resources */ = {
			isa = PBXResourcesBuildPhase;
			buildActionMask = 2147483647;
			files = (
				5B97E6AC1F16AB00002CFBFE /* LaunchScreen.storyboard in Resources */,
				5B97E6A91F16AB00002CFBFE /* Assets.xcassets in Resources */,
				5B97E6A71F16AB00002CFBFE /* Main.storyboard in Resources */,
			);
			runOnlyForDeploymentPostprocessing = 0;
		};
/* End PBXResourcesBuildPhase section */

/* Begin PBXSourcesBuildPhase section */
		5B97E69A1F16AB00002CFBFE /* Sources */ = {
			isa = PBXSourcesBuildPhase;
			buildActionMask = 2147483647;
			files = (
				5B97E6A41F16AB00002CFBFE /* ViewController.swift in Sources */,
				5B97E6A21F16AB00002CFBFE /* AppDelegate.swift in Sources */,
			);
			runOnlyForDeploymentPostprocessing = 0;
		};
/* End PBXSourcesBuildPhase section */

/* Begin PBXVariantGroup section */
		5B97E6A51F16AB00002CFBFE /* Main.storyboard */ = {
			isa = PBXVariantGroup;
			children = (
				5B97E6A61F16AB00002CFBFE /* Base */,
			);
			name = Main.storyboard;
			sourceTree = "<group>";
		};
		5B97E6AA1F16AB00002CFBFE /* LaunchScreen.storyboard */ = {
			isa = PBXVariantGroup;
			children = (
				5B97E6AB1F16AB00002CFBFE /* Base */,
			);
			name = LaunchScreen.storyboard;
			sourceTree = "<group>";
		};
/* End PBXVariantGroup section */

/* Begin XCBuildConfiguration section */
		5B97E6AE1F16AB00002CFBFE /* Debug */ = {
			isa = XCBuildConfiguration;
			buildSettings = {
				ALWAYS_SEARCH_USER_PATHS = NO;
				CLANG_ANALYZER_NONNULL = YES;
				CLANG_ANALYZER_NUMBER_OBJECT_CONVERSION = YES_AGGRESSIVE;
				CLANG_CXX_LANGUAGE_STANDARD = "gnu++0x";
				CLANG_CXX_LIBRARY = "libc++";
				CLANG_ENABLE_MODULES = YES;
				CLANG_ENABLE_OBJC_ARC = YES;
				CLANG_WARN_BOOL_CONVERSION = YES;
				CLANG_WARN_CONSTANT_CONVERSION = YES;
				CLANG_WARN_DIRECT_OBJC_ISA_USAGE = YES_ERROR;
				CLANG_WARN_DOCUMENTATION_COMMENTS = YES;
				CLANG_WARN_EMPTY_BODY = YES;
				CLANG_WARN_ENUM_CONVERSION = YES;
				CLANG_WARN_INFINITE_RECURSION = YES;
				CLANG_WARN_INT_CONVERSION = YES;
				CLANG_WARN_OBJC_ROOT_CLASS = YES_ERROR;
				CLANG_WARN_SUSPICIOUS_MOVE = YES;
				CLANG_WARN_UNREACHABLE_CODE = YES;
				CLANG_WARN__DUPLICATE_METHOD_MATCH = YES;
				"CODE_SIGN_IDENTITY[sdk=iphoneos*]" = "iPhone Developer";
				COPY_PHASE_STRIP = NO;
				DEBUG_INFORMATION_FORMAT = dwarf;
				ENABLE_STRICT_OBJC_MSGSEND = YES;
				ENABLE_TESTABILITY = YES;
				GCC_C_LANGUAGE_STANDARD = gnu99;
				GCC_DYNAMIC_NO_PIC = NO;
				GCC_NO_COMMON_BLOCKS = YES;
				GCC_OPTIMIZATION_LEVEL = 0;
				GCC_PREPROCESSOR_DEFINITIONS = (
					"DEBUG=1",
					"$(inherited)",
				);
				GCC_WARN_64_TO_32_BIT_CONVERSION = YES;
				GCC_WARN_ABOUT_RETURN_TYPE = YES_ERROR;
				GCC_WARN_UNDECLARED_SELECTOR = YES;
				GCC_WARN_UNINITIALIZED_AUTOS = YES_AGGRESSIVE;
				GCC_WARN_UNUSED_FUNCTION = YES;
				GCC_WARN_UNUSED_VARIABLE = YES;
				IPHONEOS_DEPLOYMENT_TARGET = 10.3;
				MTL_ENABLE_DEBUG_INFO = YES;
				ONLY_ACTIVE_ARCH = YES;
				SDKROOT = iphoneos;
				SWIFT_ACTIVE_COMPILATION_CONDITIONS = DEBUG;
				SWIFT_OPTIMIZATION_LEVEL = "-Onone";
			};
			name = Debug;
		};
		5B97E6AF1F16AB00002CFBFE /* Release */ = {
			isa = XCBuildConfiguration;
			buildSettings = {
				ALWAYS_SEARCH_USER_PATHS = NO;
				CLANG_ANALYZER_NONNULL = YES;
				CLANG_ANALYZER_NUMBER_OBJECT_CONVERSION = YES_AGGRESSIVE;
				CLANG_CXX_LANGUAGE_STANDARD = "gnu++0x";
				CLANG_CXX_LIBRARY = "libc++";
				CLANG_ENABLE_MODULES = YES;
				CLANG_ENABLE_OBJC_ARC = YES;
				CLANG_WARN_BOOL_CONVERSION = YES;
				CLANG_WARN_CONSTANT_CONVERSION = YES;
				CLANG_WARN_DIRECT_OBJC_ISA_USAGE = YES_ERROR;
				CLANG_WARN_DOCUMENTATION_COMMENTS = YES;
				CLANG_WARN_EMPTY_BODY = YES;
				CLANG_WARN_ENUM_CONVERSION = YES;
				CLANG_WARN_INFINITE_RECURSION = YES;
				CLANG_WARN_INT_CONVERSION = YES;
				CLANG_WARN_OBJC_ROOT_CLASS = YES_ERROR;
				CLANG_WARN_SUSPICIOUS_MOVE = YES;
				CLANG_WARN_UNREACHABLE_CODE = YES;
				CLANG_WARN__DUPLICATE_METHOD_MATCH = YES;
				"CODE_SIGN_IDENTITY[sdk=iphoneos*]" = "iPhone Developer";
				COPY_PHASE_STRIP = NO;
				DEBUG_INFORMATION_FORMAT = "dwarf-with-dsym";
				ENABLE_NS_ASSERTIONS = NO;
				ENABLE_STRICT_OBJC_MSGSEND = YES;
				GCC_C_LANGUAGE_STANDARD = gnu99;
				GCC_NO_COMMON_BLOCKS = YES;
				GCC_WARN_64_TO_32_BIT_CONVERSION = YES;
				GCC_WARN_ABOUT_RETURN_TYPE = YES_ERROR;
				GCC_WARN_UNDECLARED_SELECTOR = YES;
				GCC_WARN_UNINITIALIZED_AUTOS = YES_AGGRESSIVE;
				GCC_WARN_UNUSED_FUNCTION = YES;
				GCC_WARN_UNUSED_VARIABLE = YES;
				IPHONEOS_DEPLOYMENT_TARGET = 10.3;
				MTL_ENABLE_DEBUG_INFO = NO;
				SDKROOT = iphoneos;
				SWIFT_OPTIMIZATION_LEVEL = "-Owholemodule";
				VALIDATE_PRODUCT = YES;
			};
			name = Release;
		};
		5B97E6B11F16AB00002CFBFE /* Debug */ = {
			isa = XCBuildConfiguration;
			buildSettings = {
				ASSETCATALOG_COMPILER_APPICON_NAME = AppIcon;
				DEVELOPMENT_TEAM = 4ZRZL4M7J7;
				INFOPLIST_FILE = AppIconSwitch/Info.plist;
				LD_RUNPATH_SEARCH_PATHS = "$(inherited) @executable_path/Frameworks";
				PRODUCT_BUNDLE_IDENTIFIER = com.chariotsolutions.ios.AppIconSwitch;
				PRODUCT_NAME = "$(TARGET_NAME)";
				SWIFT_VERSION = 3.0;
			};
			name = Debug;
		};
		5B97E6B21F16AB00002CFBFE /* Release */ = {
			isa = XCBuildConfiguration;
			buildSettings = {
				ASSETCATALOG_COMPILER_APPICON_NAME = AppIcon;
				DEVELOPMENT_TEAM = 4ZRZL4M7J7;
				INFOPLIST_FILE = AppIconSwitch/Info.plist;
				LD_RUNPATH_SEARCH_PATHS = "$(inherited) @executable_path/Frameworks";
				PRODUCT_BUNDLE_IDENTIFIER = com.chariotsolutions.ios.AppIconSwitch;
				PRODUCT_NAME = "$(TARGET_NAME)";
				SWIFT_VERSION = 3.0;
			};
			name = Release;
		};
/* End XCBuildConfiguration section */

/* Begin XCConfigurationList section */
		5B97E6991F16AB00002CFBFE /* Build configuration list for PBXProject "AppIconSwitch" */ = {
			isa = XCConfigurationList;
			buildConfigurations = (
				5B97E6AE1F16AB00002CFBFE /* Debug */,
				5B97E6AF1F16AB00002CFBFE /* Release */,
			);
			defaultConfigurationIsVisible = 0;
			defaultConfigurationName = Release;
		};
		5B97E6B01F16AB00002CFBFE /* Build configuration list for PBXNativeTarget "AppIconSwitch" */ = {
			isa = XCConfigurationList;
			buildConfigurations = (
				5B97E6B11F16AB00002CFBFE /* Debug */,
				5B97E6B21F16AB00002CFBFE /* Release */,
			);
			defaultConfigurationIsVisible = 0;
		};
/* End XCConfigurationList section */
	};
	rootObject = 5B97E6961F16AB00002CFBFE /* Project object */;
}
